
Microsoft Visual Studio Solution File, Format Version 12.00
# Visual Studio Version 17
VisualStudioVersion = 17.7.34221.43
MinimumVisualStudioVersion = 10.0.40219.1
Project("{FAE04EC0-301F-11D3-BF4B-00C04F79EFBC}") = "Konya_Zoltan_Lab22", "Konya_Zoltan_Lab22.csproj", "{40CB62F2-84D1-4AA2-9C68-79A6743D5AA2}"
EndProject
Global
	GlobalSection(SolutionConfigurationPlatforms) = preSolution
		Debug|Any CPU = Debug|Any CPU
		Release|Any CPU = Release|Any CPU
	EndGlobalSection
	GlobalSection(ProjectConfigurationPlatforms) = postSolution
		{40CB62F2-84D1-4AA2-9C68-79A6743D5AA2}.Debug|Any CPU.ActiveCfg = Debug|Any CPU
		{40CB62F2-84D1-4AA2-9C68-79A6743D5AA2}.Debug|Any CPU.Build.0 = Debug|Any CPU
		{40CB62F2-84D1-4AA2-9C68-79A6743D5AA2}.Release|Any CPU.ActiveCfg = Release|Any CPU
		{40CB62F2-84D1-4AA2-9C68-79A6743D5AA2}.Release|Any CPU.Build.0 = Release|Any CPU
	EndGlobalSection
	GlobalSection(SolutionProperties) = preSolution
		HideSolutionNode = FALSE
	EndGlobalSection
	GlobalSection(ExtensibilityGlobals) = postSolution
		SolutionGuid = {B14FF671-13CD-4588-A273-DD3A77445998}
	EndGlobalSection
EndGlobal
